
Microsoft Visual Studio Solution File, Format Version 12.00
# Visual Studio Version 16
VisualStudioVersion = 16.0.32126.315
MinimumVisualStudioVersion = 10.0.40219.1
Project("{FAE04EC0-301F-11D3-BF4B-00C04F79EFBC}") = "Viagogo Assessment", "Viagogo Assessment.csproj", "{6A41BE30-9878-4277-A780-990ABFE4B3E4}"
EndProject
Global
	GlobalSection(SolutionConfigurationPlatforms) = preSolution
		Debug|Any CPU = Debug|Any CPU
		Release|Any CPU = Release|Any CPU
	EndGlobalSection
	GlobalSection(ProjectConfigurationPlatforms) = postSolution
		{6A41BE30-9878-4277-A780-990ABFE4B3E4}.Debug|Any CPU.ActiveCfg = Debug|Any CPU
		{6A41BE30-9878-4277-A780-990ABFE4B3E4}.Debug|Any CPU.Build.0 = Debug|Any CPU
		{6A41BE30-9878-4277-A780-990ABFE4B3E4}.Release|Any CPU.ActiveCfg = Release|Any CPU
		{6A41BE30-9878-4277-A780-990ABFE4B3E4}.Release|Any CPU.Build.0 = Release|Any CPU
	EndGlobalSection
	GlobalSection(SolutionProperties) = preSolution
		HideSolutionNode = FALSE
	EndGlobalSection
	GlobalSection(ExtensibilityGlobals) = postSolution
		SolutionGuid = {96153A8B-9286-4935-8CEC-5B51DA5F37FB}
	EndGlobalSection
EndGlobal
